
Microsoft Visual Studio Solution File, Format Version 12.00
# Visual Studio Version 17
VisualStudioVersion = 17.9.34728.123
MinimumVisualStudioVersion = 10.0.40219.1
Project("{FAE04EC0-301F-11D3-BF4B-00C04F79EFBC}") = "ST10361554_PROG6221_ICE_Task_4", "ST10361554_PROG6221_ICE_Task_4.csproj", "{1F9E0970-01CC-4898-9E34-4AE1265015EF}"
EndProject
Global
	GlobalSection(SolutionConfigurationPlatforms) = preSolution
		Debug|Any CPU = Debug|Any CPU
		Release|Any CPU = Release|Any CPU
	EndGlobalSection
	GlobalSection(ProjectConfigurationPlatforms) = postSolution
		{1F9E0970-01CC-4898-9E34-4AE1265015EF}.Debug|Any CPU.ActiveCfg = Debug|Any CPU
		{1F9E0970-01CC-4898-9E34-4AE1265015EF}.Debug|Any CPU.Build.0 = Debug|Any CPU
		{1F9E0970-01CC-4898-9E34-4AE1265015EF}.Release|Any CPU.ActiveCfg = Release|Any CPU
		{1F9E0970-01CC-4898-9E34-4AE1265015EF}.Release|Any CPU.Build.0 = Release|Any CPU
	EndGlobalSection
	GlobalSection(SolutionProperties) = preSolution
		HideSolutionNode = FALSE
	EndGlobalSection
	GlobalSection(ExtensibilityGlobals) = postSolution
		SolutionGuid = {24080F93-71CB-4DD0-B83F-D35A9848A42D}
	EndGlobalSection
EndGlobal
